
Microsoft Visual Studio Solution File, Format Version 12.00
# Visual Studio 15
VisualStudioVersion = 15.0.27703.2000
MinimumVisualStudioVersion = 10.0.40219.1
Project("{FAE04EC0-301F-11D3-BF4B-00C04F79EFBC}") = "DBprogram", "DBprogram\DBprogram.csproj", "{02843C0F-C413-44B7-8130-5E864F8A05A1}"
EndProject
Global
	GlobalSection(SolutionConfigurationPlatforms) = preSolution
		Debug|Any CPU = Debug|Any CPU
		Release|Any CPU = Release|Any CPU
	EndGlobalSection
	GlobalSection(ProjectConfigurationPlatforms) = postSolution
		{02843C0F-C413-44B7-8130-5E864F8A05A1}.Debug|Any CPU.ActiveCfg = Debug|Any CPU
		{02843C0F-C413-44B7-8130-5E864F8A05A1}.Debug|Any CPU.Build.0 = Debug|Any CPU
		{02843C0F-C413-44B7-8130-5E864F8A05A1}.Release|Any CPU.ActiveCfg = Release|Any CPU
		{02843C0F-C413-44B7-8130-5E864F8A05A1}.Release|Any CPU.Build.0 = Release|Any CPU
	EndGlobalSection
	GlobalSection(SolutionProperties) = preSolution
		HideSolutionNode = FALSE
	EndGlobalSection
	GlobalSection(ExtensibilityGlobals) = postSolution
		SolutionGuid = {6083D90D-2666-41C6-9B1A-D93465C0AE2A}
	EndGlobalSection
EndGlobal
